
Microsoft Visual Studio Solution File, Format Version 12.00
# Visual Studio Version 17
VisualStudioVersion = 17.2.32630.192
MinimumVisualStudioVersion = 10.0.40219.1
Project("{2150E333-8FDC-42A3-9474-1A3956D46DE8}") = "src", "src", "{2C2B7794-152E-48D2-BEC9-66D9B21496CE}"
EndProject
Project("{2150E333-8FDC-42A3-9474-1A3956D46DE8}") = "Solution Items", "Solution Items", "{98E647CF-4811-4332-A411-4732CCF69FA4}"
	ProjectSection(SolutionItems) = preProject
		.editorconfig = .editorconfig
		.gitattributes = .gitattributes
		.gitignore = .gitignore
		.github\dependabot.yml = .github\dependabot.yml
		Directory.Build.props = Directory.Build.props
		Directory.build.targets = Directory.build.targets
		LICENSE.md = LICENSE.md
		version.json = version.json
	EndProjectSection
EndProject
Project("{2150E333-8FDC-42A3-9474-1A3956D46DE8}") = "DependencyInjection", "DependencyInjection", "{6A6E8823-5F79-42FF-8A1B-C6EB315EB57D}"
	ProjectSection(SolutionItems) = preProject
		src\DependencyInjection\version.json = src\DependencyInjection\version.json
	EndProjectSection
EndProject
Project("{2150E333-8FDC-42A3-9474-1A3956D46DE8}") = "Logging", "Logging", "{DE4A6821-6C9B-41C9-ABB5-26DEBE832E67}"
	ProjectSection(SolutionItems) = preProject
		src\Logging\version.json = src\Logging\version.json
	EndProjectSection
EndProject
Project("{9A19103F-16F7-4668-BE54-9A1E7A4F7556}") = "VectronsLibrary.DI", "src\DependencyInjection\DI\VectronsLibrary.DI.csproj", "{1674645E-551D-410A-B334-CCA0A2E098FD}"
EndProject
Project("{9A19103F-16F7-4668-BE54-9A1E7A4F7556}") = "VectronsLibrary.DI.Abstraction", "src\DependencyInjection\DI.Abstraction\VectronsLibrary.DI.Abstraction.csproj", "{C2AB04FE-799F-4646-A0AD-B43432F1424C}"
EndProject
Project("{9A19103F-16F7-4668-BE54-9A1E7A4F7556}") = "VectronsLibrary.DI.Tests", "src\DependencyInjection\DI.Tests\VectronsLibrary.DI.Tests.csproj", "{97F1EAB5-ACB4-4C02-A85E-BF794D4A8455}"
EndProject
Project("{9A19103F-16F7-4668-BE54-9A1E7A4F7556}") = "VectronsLibrary.DI.TestsAssembly", "src\DependencyInjection\DI.TestsAssembly\VectronsLibrary.DI.TestsAssembly.csproj", "{8CDCABC2-9A79-44EF-A794-75AFF5BBEAF9}"
EndProject
Project("{9A19103F-16F7-4668-BE54-9A1E7A4F7556}") = "VectronsLibrary.Logging", "src\Logging\Logging\VectronsLibrary.Logging.csproj", "{B8D40AE6-690A-4E4D-B752-F891B05A2171}"
EndProject
Project("{2150E333-8FDC-42A3-9474-1A3956D46DE8}") = "Winform", "Winform", "{B8B2A8E5-8345-4A14-9B74-544B55FAAAD7}"
EndProject
Project("{9A19103F-16F7-4668-BE54-9A1E7A4F7556}") = "VectronsLibrary.WindowsForms", "src\Winform\Winform\VectronsLibrary.WindowsForms.csproj", "{0FB9D3F2-290B-4EEF-A4C5-95C9783C5420}"
EndProject
Project("{2150E333-8FDC-42A3-9474-1A3956D46DE8}") = "Util", "Util", "{54FE4201-8624-4FED-B092-5F0FFF3443AD}"
EndProject
Project("{9A19103F-16F7-4668-BE54-9A1E7A4F7556}") = "VectronsLibrary", "src\Util\VectronsLibrary\VectronsLibrary.csproj", "{79B0C631-1038-411B-ACB2-CFAC08490671}"
EndProject
Project("{9A19103F-16F7-4668-BE54-9A1E7A4F7556}") = "VectronsLibrary.NetFramework", "src\Util\NetFramework\VectronsLibrary.NetFramework.csproj", "{61798237-D959-4F2A-A52B-277BAADB7823}"
EndProject
Project("{9A19103F-16F7-4668-BE54-9A1E7A4F7556}") = "VectronsLibrary.Tests", "src\Util\VectronsLibrary.Tests\VectronsLibrary.Tests.csproj", "{B7ECA8F9-5B26-47AD-96A8-3FD4CAC6DA0C}"
EndProject
Project("{9A19103F-16F7-4668-BE54-9A1E7A4F7556}") = "VectronsLibrary.Tests2", "src\Util\VectronsLibrary.Tests2\VectronsLibrary.Tests2.csproj", "{BCDA4B2F-5CEC-4E49-83AF-F4010DB9BF95}"
EndProject
Global
	GlobalSection(SolutionConfigurationPlatforms) = preSolution
		Debug|Any CPU = Debug|Any CPU
		Release|Any CPU = Release|Any CPU
	EndGlobalSection
	GlobalSection(ProjectConfigurationPlatforms) = postSolution
		{1674645E-551D-410A-B334-CCA0A2E098FD}.Debug|Any CPU.ActiveCfg = Debug|Any CPU
		{1674645E-551D-410A-B334-CCA0A2E098FD}.Debug|Any CPU.Build.0 = Debug|Any CPU
		{1674645E-551D-410A-B334-CCA0A2E098FD}.Release|Any CPU.ActiveCfg = Release|Any CPU
		{1674645E-551D-410A-B334-CCA0A2E098FD}.Release|Any CPU.Build.0 = Release|Any CPU
		{C2AB04FE-799F-4646-A0AD-B43432F1424C}.Debug|Any CPU.ActiveCfg = Debug|Any CPU
		{C2AB04FE-799F-4646-A0AD-B43432F1424C}.Debug|Any CPU.Build.0 = Debug|Any CPU
		{C2AB04FE-799F-4646-A0AD-B43432F1424C}.Release|Any CPU.ActiveCfg = Release|Any CPU
		{C2AB04FE-799F-4646-A0AD-B43432F1424C}.Release|Any CPU.Build.0 = Release|Any CPU
		{97F1EAB5-ACB4-4C02-A85E-BF794D4A8455}.Debug|Any CPU.ActiveCfg = Debug|Any CPU
		{97F1EAB5-ACB4-4C02-A85E-BF794D4A8455}.Debug|Any CPU.Build.0 = Debug|Any CPU
		{97F1EAB5-ACB4-4C02-A85E-BF794D4A8455}.Release|Any CPU.ActiveCfg = Release|Any CPU
		{97F1EAB5-ACB4-4C02-A85E-BF794D4A8455}.Release|Any CPU.Build.0 = Release|Any CPU
		{8CDCABC2-9A79-44EF-A794-75AFF5BBEAF9}.Debug|Any CPU.ActiveCfg = Debug|Any CPU
		{8CDCABC2-9A79-44EF-A794-75AFF5BBEAF9}.Debug|Any CPU.Build.0 = Debug|Any CPU
		{8CDCABC2-9A79-44EF-A794-75AFF5BBEAF9}.Release|Any CPU.ActiveCfg = Release|Any CPU
		{8CDCABC2-9A79-44EF-A794-75AFF5BBEAF9}.Release|Any CPU.Build.0 = Release|Any CPU
		{B8D40AE6-690A-4E4D-B752-F891B05A2171}.Debug|Any CPU.ActiveCfg = Debug|Any CPU
		{B8D40AE6-690A-4E4D-B752-F891B05A2171}.Debug|Any CPU.Build.0 = Debug|Any CPU
		{B8D40AE6-690A-4E4D-B752-F891B05A2171}.Release|Any CPU.ActiveCfg = Release|Any CPU
		{B8D40AE6-690A-4E4D-B752-F891B05A2171}.Release|Any CPU.Build.0 = Release|Any CPU
		{0FB9D3F2-290B-4EEF-A4C5-95C9783C5420}.Debug|Any CPU.ActiveCfg = Debug|Any CPU
		{0FB9D3F2-290B-4EEF-A4C5-95C9783C5420}.Debug|Any CPU.Build.0 = Debug|Any CPU
		{0FB9D3F2-290B-4EEF-A4C5-95C9783C5420}.Release|Any CPU.ActiveCfg = Release|Any CPU
		{0FB9D3F2-290B-4EEF-A4C5-95C9783C5420}.Release|Any CPU.Build.0 = Release|Any CPU
		{79B0C631-1038-411B-ACB2-CFAC08490671}.Debug|Any CPU.ActiveCfg = Debug|Any CPU
		{79B0C631-1038-411B-ACB2-CFAC08490671}.Debug|Any CPU.Build.0 = Debug|Any CPU
		{79B0C631-1038-411B-ACB2-CFAC08490671}.Release|Any CPU.ActiveCfg = Release|Any CPU
		{79B0C631-1038-411B-ACB2-CFAC08490671}.Release|Any CPU.Build.0 = Release|Any CPU
		{61798237-D959-4F2A-A52B-277BAADB7823}.Debug|Any CPU.ActiveCfg = Debug|Any CPU
		{61798237-D959-4F2A-A52B-277BAADB7823}.Debug|Any CPU.Build.0 = Debug|Any CPU
		{61798237-D959-4F2A-A52B-277BAADB7823}.Release|Any CPU.ActiveCfg = Release|Any CPU
		{61798237-D959-4F2A-A52B-277BAADB7823}.Release|Any CPU.Build.0 = Release|Any CPU
		{B7ECA8F9-5B26-47AD-96A8-3FD4CAC6DA0C}.Debug|Any CPU.ActiveCfg = Debug|Any CPU
		{B7ECA8F9-5B26-47AD-96A8-3FD4CAC6DA0C}.Debug|Any CPU.Build.0 = Debug|Any CPU
		{B7ECA8F9-5B26-47AD-96A8-3FD4CAC6DA0C}.Release|Any CPU.ActiveCfg = Release|Any CPU
		{B7ECA8F9-5B26-47AD-96A8-3FD4CAC6DA0C}.Release|Any CPU.Build.0 = Release|Any CPU
		{BCDA4B2F-5CEC-4E49-83AF-F4010DB9BF95}.Debug|Any CPU.ActiveCfg = Debug|Any CPU
		{BCDA4B2F-5CEC-4E49-83AF-F4010DB9BF95}.Debug|Any CPU.Build.0 = Debug|Any CPU
		{BCDA4B2F-5CEC-4E49-83AF-F4010DB9BF95}.Release|Any CPU.ActiveCfg = Release|Any CPU
		{BCDA4B2F-5CEC-4E49-83AF-F4010DB9BF95}.Release|Any CPU.Build.0 = Release|Any CPU
	EndGlobalSection
	GlobalSection(SolutionProperties) = preSolution
		HideSolutionNode = FALSE
	EndGlobalSection
	GlobalSection(NestedProjects) = preSolution
		{6A6E8823-5F79-42FF-8A1B-C6EB315EB57D} = {2C2B7794-152E-48D2-BEC9-66D9B21496CE}
		{DE4A6821-6C9B-41C9-ABB5-26DEBE832E67} = {2C2B7794-152E-48D2-BEC9-66D9B21496CE}
		{1674645E-551D-410A-B334-CCA0A2E098FD} = {6A6E8823-5F79-42FF-8A1B-C6EB315EB57D}
		{C2AB04FE-799F-4646-A0AD-B43432F1424C} = {6A6E8823-5F79-42FF-8A1B-C6EB315EB57D}
		{97F1EAB5-ACB4-4C02-A85E-BF794D4A8455} = {6A6E8823-5F79-42FF-8A1B-C6EB315EB57D}
		{8CDCABC2-9A79-44EF-A794-75AFF5BBEAF9} = {6A6E8823-5F79-42FF-8A1B-C6EB315EB57D}
		{B8D40AE6-690A-4E4D-B752-F891B05A2171} = {DE4A6821-6C9B-41C9-ABB5-26DEBE832E67}
		{B8B2A8E5-8345-4A14-9B74-544B55FAAAD7} = {2C2B7794-152E-48D2-BEC9-66D9B21496CE}
		{0FB9D3F2-290B-4EEF-A4C5-95C9783C5420} = {B8B2A8E5-8345-4A14-9B74-544B55FAAAD7}
		{54FE4201-8624-4FED-B092-5F0FFF3443AD} = {2C2B7794-152E-48D2-BEC9-66D9B21496CE}
		{79B0C631-1038-411B-ACB2-CFAC08490671} = {54FE4201-8624-4FED-B092-5F0FFF3443AD}
		{61798237-D959-4F2A-A52B-277BAADB7823} = {54FE4201-8624-4FED-B092-5F0FFF3443AD}
		{B7ECA8F9-5B26-47AD-96A8-3FD4CAC6DA0C} = {54FE4201-8624-4FED-B092-5F0FFF3443AD}
		{BCDA4B2F-5CEC-4E49-83AF-F4010DB9BF95} = {54FE4201-8624-4FED-B092-5F0FFF3443AD}
	EndGlobalSection
	GlobalSection(ExtensibilityGlobals) = postSolution
		SolutionGuid = {7B813DF3-9F95-43CA-8CE5-11DA3F7F3D38}
	EndGlobalSection
EndGlobal
